// !$*UTF8*$!
{
	archiveVersion = 1;
	classes = {
	};
	objectVersion = 50;
	objects = {

/* Begin PBXBuildFile section */
		5A064B04271E37510000007F /* ExpositionModel.swift in Sources */ = {isa = PBXBuildFile; fileRef = 5A064B01271E37510000007F /* ExpositionModel.swift */; };
		5A064B05271E37510000007F /* LoginViewModel.swift in Sources */ = {isa = PBXBuildFile; fileRef = 5A064B02271E37510000007F /* LoginViewModel.swift */; };
		5A27CE15270A6CA6009E6A8B /* LoginView.swift in Sources */ = {isa = PBXBuildFile; fileRef = 5A27CE14270A6CA6009E6A8B /* LoginView.swift */; };
		5A27CE1E270A6F25009E6A8B /* WebServices.swift in Sources */ = {isa = PBXBuildFile; fileRef = 5A27CE1D270A6F25009E6A8B /* WebServices.swift */; };
		5A27CE25270A78EE009E6A8B /* SignUpView.swift in Sources */ = {isa = PBXBuildFile; fileRef = 5A27CE24270A78EE009E6A8B /* SignUpView.swift */; };
		5A5810B4270A7C57001EDC9E /* UserModel.swift in Sources */ = {isa = PBXBuildFile; fileRef = 5A5810B3270A7C57001EDC9E /* UserModel.swift */; };
		5A7D012B26E84F0900ECCB72 /* NotificationView.swift in Sources */ = {isa = PBXBuildFile; fileRef = 5A7D012A26E84F0900ECCB72 /* NotificationView.swift */; };
		5A9F12F926DF390E0055ED81 /* HomeView.swift in Sources */ = {isa = PBXBuildFile; fileRef = 5A9F12F826DF390E0055ED81 /* HomeView.swift */; };
		5ACABBA6271E72AF000E7B12 /* UsersViewModel.swift in Sources */ = {isa = PBXBuildFile; fileRef = 5ACABBA5271E72AF000E7B12 /* UsersViewModel.swift */; };
		5ACB0FF526E052DB007F4622 /* ExpositionsView.swift in Sources */ = {isa = PBXBuildFile; fileRef = 5ACB0FF426E052DB007F4622 /* ExpositionsView.swift */; };
		ABEA5198271740E800E84834 /* ReservarVGView.swift in Sources */ = {isa = PBXBuildFile; fileRef = ABEA5197271740E800E84834 /* ReservarVGView.swift */; };
		ABEA519B2717410100E84834 /* ReservationView.swift in Sources */ = {isa = PBXBuildFile; fileRef = ABEA519A2717410100E84834 /* ReservationView.swift */; };
		ABEA519F2717411A00E84834 /* Model.xcdatamodeld in Sources */ = {isa = PBXBuildFile; fileRef = ABEA519D2717411A00E84834 /* Model.xcdatamodeld */; };
		ABEA51A22717414800E84834 /* Persistence.swift in Sources */ = {isa = PBXBuildFile; fileRef = ABEA51A12717414800E84834 /* Persistence.swift */; };
		ABEA51A52717416800E84834 /* Reservacion+CoreDataProperties.swift in Sources */ = {isa = PBXBuildFile; fileRef = ABEA51A42717416800E84834 /* Reservacion+CoreDataProperties.swift */; };
		ABEA51A82717417100E84834 /* Reservacion+CoreDataClass.swift in Sources */ = {isa = PBXBuildFile; fileRef = ABEA51A72717417100E84834 /* Reservacion+CoreDataClass.swift */; };
		ABFD223527134DE200A07529 /* InfoMarcoView.swift in Sources */ = {isa = PBXBuildFile; fileRef = ABFD223427134DE200A07529 /* InfoMarcoView.swift */; };
		C55E528327149DA2006EF31B /* MarColectionModel.swift in Sources */ = {isa = PBXBuildFile; fileRef = C55E528227149DA2006EF31B /* MarColectionModel.swift */; };
		C55E52862714A60E006EF31B /* SheetView.swift in Sources */ = {isa = PBXBuildFile; fileRef = C55E52852714A60E006EF31B /* SheetView.swift */; };
		C5778687270FA3D80007CEB3 /* MarColection.swift in Sources */ = {isa = PBXBuildFile; fileRef = C5778686270FA3D80007CEB3 /* MarColection.swift */; };
		C5CE7569270E8B2F00B53F01 /* ImagesCarousel.swift in Sources */ = {isa = PBXBuildFile; fileRef = C5CE7568270E8B2F00B53F01 /* ImagesCarousel.swift */; };
		FB24BEF7270E070A00D4A0F2 /* ExpositionsCarousel.swift in Sources */ = {isa = PBXBuildFile; fileRef = FB24BEF6270E070A00D4A0F2 /* ExpositionsCarousel.swift */; };
		FB2AB9B126DD499E007B0AD3 /* App05_EntretenimientoApp.swift in Sources */ = {isa = PBXBuildFile; fileRef = FB2AB9B026DD499E007B0AD3 /* App05_EntretenimientoApp.swift */; };
		FB2AB9B326DD499E007B0AD3 /* MainView.swift in Sources */ = {isa = PBXBuildFile; fileRef = FB2AB9B226DD499E007B0AD3 /* MainView.swift */; };
		FB2AB9B526DD49A0007B0AD3 /* Assets.xcassets in Resources */ = {isa = PBXBuildFile; fileRef = FB2AB9B426DD49A0007B0AD3 /* Assets.xcassets */; };
		FB2AB9B826DD49A0007B0AD3 /* Preview Assets.xcassets in Resources */ = {isa = PBXBuildFile; fileRef = FB2AB9B726DD49A0007B0AD3 /* Preview Assets.xcassets */; };
		FBA66A0226E135480020CC24 /* Enumerators.swift in Sources */ = {isa = PBXBuildFile; fileRef = FBA66A0126E135480020CC24 /* Enumerators.swift */; };
		FBA66A0526E135540020CC24 /* Extensions.swift in Sources */ = {isa = PBXBuildFile; fileRef = FBA66A0426E135540020CC24 /* Extensions.swift */; };
		FBA66A0926E135600020CC24 /* Exposition.swift in Sources */ = {isa = PBXBuildFile; fileRef = FBA66A0726E135600020CC24 /* Exposition.swift */; };
		FBA66A0E26E135B50020CC24 /* NavAppereanceModifier.swift in Sources */ = {isa = PBXBuildFile; fileRef = FBA66A0D26E135B50020CC24 /* NavAppereanceModifier.swift */; };
		FBA66A1426E1389A0020CC24 /* MediaRowView.swift in Sources */ = {isa = PBXBuildFile; fileRef = FBA66A1326E1389A0020CC24 /* MediaRowView.swift */; };
		FBA66A1726E13BB50020CC24 /* ExpositionDetailView.swift in Sources */ = {isa = PBXBuildFile; fileRef = FBA66A1626E13BB50020CC24 /* ExpositionDetailView.swift */; };
		FBA66A1C26E140360020CC24 /* VideoPlayerView.swift in Sources */ = {isa = PBXBuildFile; fileRef = FBA66A1926E140360020CC24 /* VideoPlayerView.swift */; };
		FBA66A1D26E140360020CC24 /* VideoWebView.swift in Sources */ = {isa = PBXBuildFile; fileRef = FBA66A1A26E140360020CC24 /* VideoWebView.swift */; };
		FBA66A1E26E140360020CC24 /* WebView.swift in Sources */ = {isa = PBXBuildFile; fileRef = FBA66A1B26E140360020CC24 /* WebView.swift */; };
		FBA66A5726E682880020CC24 /* AccountView.swift in Sources */ = {isa = PBXBuildFile; fileRef = FBA66A5626E682880020CC24 /* AccountView.swift */; };
/* End PBXBuildFile section */

/* Begin PBXFileReference section */
		5A064B01271E37510000007F /* ExpositionModel.swift */ = {isa = PBXFileReference; fileEncoding = 4; lastKnownFileType = sourcecode.swift; path = ExpositionModel.swift; sourceTree = "<group>"; };
		5A064B02271E37510000007F /* LoginViewModel.swift */ = {isa = PBXFileReference; fileEncoding = 4; lastKnownFileType = sourcecode.swift; path = LoginViewModel.swift; sourceTree = "<group>"; };
		5A27CE14270A6CA6009E6A8B /* LoginView.swift */ = {isa = PBXFileReference; lastKnownFileType = sourcecode.swift; path = LoginView.swift; sourceTree = "<group>"; };
		5A27CE1D270A6F25009E6A8B /* WebServices.swift */ = {isa = PBXFileReference; fileEncoding = 4; lastKnownFileType = sourcecode.swift; path = WebServices.swift; sourceTree = "<group>"; };
		5A27CE24270A78EE009E6A8B /* SignUpView.swift */ = {isa = PBXFileReference; lastKnownFileType = sourcecode.swift; path = SignUpView.swift; sourceTree = "<group>"; };
		5A5810B3270A7C57001EDC9E /* UserModel.swift */ = {isa = PBXFileReference; lastKnownFileType = sourcecode.swift; path = UserModel.swift; sourceTree = "<group>"; };
		5A7D012A26E84F0900ECCB72 /* NotificationView.swift */ = {isa = PBXFileReference; lastKnownFileType = sourcecode.swift; path = NotificationView.swift; sourceTree = "<group>"; };
		5A9F12F826DF390E0055ED81 /* HomeView.swift */ = {isa = PBXFileReference; lastKnownFileType = sourcecode.swift; path = HomeView.swift; sourceTree = "<group>"; };
		5ACABBA5271E72AF000E7B12 /* UsersViewModel.swift */ = {isa = PBXFileReference; lastKnownFileType = sourcecode.swift; path = UsersViewModel.swift; sourceTree = "<group>"; };
		5ACB0FF426E052DB007F4622 /* ExpositionsView.swift */ = {isa = PBXFileReference; lastKnownFileType = sourcecode.swift; path = ExpositionsView.swift; sourceTree = "<group>"; };
		ABEA5197271740E800E84834 /* ReservarVGView.swift */ = {isa = PBXFileReference; fileEncoding = 4; lastKnownFileType = sourcecode.swift; path = ReservarVGView.swift; sourceTree = "<group>"; };
		ABEA519A2717410100E84834 /* ReservationView.swift */ = {isa = PBXFileReference; fileEncoding = 4; lastKnownFileType = sourcecode.swift; path = ReservationView.swift; sourceTree = "<group>"; };
		ABEA519E2717411A00E84834 /* Model.xcdatamodel */ = {isa = PBXFileReference; lastKnownFileType = wrapper.xcdatamodel; path = Model.xcdatamodel; sourceTree = "<group>"; };
		ABEA51A12717414800E84834 /* Persistence.swift */ = {isa = PBXFileReference; fileEncoding = 4; lastKnownFileType = sourcecode.swift; path = Persistence.swift; sourceTree = "<group>"; };
		ABEA51A42717416800E84834 /* Reservacion+CoreDataProperties.swift */ = {isa = PBXFileReference; fileEncoding = 4; lastKnownFileType = sourcecode.swift; path = "Reservacion+CoreDataProperties.swift"; sourceTree = "<group>"; };
		ABEA51A72717417100E84834 /* Reservacion+CoreDataClass.swift */ = {isa = PBXFileReference; fileEncoding = 4; lastKnownFileType = sourcecode.swift; path = "Reservacion+CoreDataClass.swift"; sourceTree = "<group>"; };
		ABFD223427134DE200A07529 /* InfoMarcoView.swift */ = {isa = PBXFileReference; lastKnownFileType = sourcecode.swift; path = InfoMarcoView.swift; sourceTree = "<group>"; };
		C55E528227149DA2006EF31B /* MarColectionModel.swift */ = {isa = PBXFileReference; fileEncoding = 4; lastKnownFileType = sourcecode.swift; path = MarColectionModel.swift; sourceTree = "<group>"; };
		C55E52852714A60E006EF31B /* SheetView.swift */ = {isa = PBXFileReference; lastKnownFileType = sourcecode.swift; path = SheetView.swift; sourceTree = "<group>"; };
		C5778686270FA3D80007CEB3 /* MarColection.swift */ = {isa = PBXFileReference; lastKnownFileType = sourcecode.swift; path = MarColection.swift; sourceTree = "<group>"; };
		C5CE7568270E8B2F00B53F01 /* ImagesCarousel.swift */ = {isa = PBXFileReference; lastKnownFileType = sourcecode.swift; path = ImagesCarousel.swift; sourceTree = "<group>"; };
		FB24BEF6270E070A00D4A0F2 /* ExpositionsCarousel.swift */ = {isa = PBXFileReference; fileEncoding = 4; lastKnownFileType = sourcecode.swift; path = ExpositionsCarousel.swift; sourceTree = "<group>"; };
		FB2AB9AD26DD499E007B0AD3 /* App05-Entretenimiento.app */ = {isa = PBXFileReference; explicitFileType = wrapper.application; includeInIndex = 0; path = "App05-Entretenimiento.app"; sourceTree = BUILT_PRODUCTS_DIR; };
		FB2AB9B026DD499E007B0AD3 /* App05_EntretenimientoApp.swift */ = {isa = PBXFileReference; lastKnownFileType = sourcecode.swift; path = App05_EntretenimientoApp.swift; sourceTree = "<group>"; };
		FB2AB9B226DD499E007B0AD3 /* MainView.swift */ = {isa = PBXFileReference; lastKnownFileType = sourcecode.swift; path = MainView.swift; sourceTree = "<group>"; };
		FB2AB9B426DD49A0007B0AD3 /* Assets.xcassets */ = {isa = PBXFileReference; lastKnownFileType = folder.assetcatalog; path = Assets.xcassets; sourceTree = "<group>"; };
		FB2AB9B726DD49A0007B0AD3 /* Preview Assets.xcassets */ = {isa = PBXFileReference; lastKnownFileType = folder.assetcatalog; path = "Preview Assets.xcassets"; sourceTree = "<group>"; };
		FB2AB9B926DD49A0007B0AD3 /* Info.plist */ = {isa = PBXFileReference; lastKnownFileType = text.plist.xml; path = Info.plist; sourceTree = "<group>"; };
		FBA66A0126E135480020CC24 /* Enumerators.swift */ = {isa = PBXFileReference; fileEncoding = 4; lastKnownFileType = sourcecode.swift; path = Enumerators.swift; sourceTree = "<group>"; };
		FBA66A0426E135540020CC24 /* Extensions.swift */ = {isa = PBXFileReference; fileEncoding = 4; lastKnownFileType = sourcecode.swift; path = Extensions.swift; sourceTree = "<group>"; };
		FBA66A0726E135600020CC24 /* Exposition.swift */ = {isa = PBXFileReference; fileEncoding = 4; lastKnownFileType = sourcecode.swift; path = Exposition.swift; sourceTree = "<group>"; };
		FBA66A0D26E135B50020CC24 /* NavAppereanceModifier.swift */ = {isa = PBXFileReference; fileEncoding = 4; lastKnownFileType = sourcecode.swift; path = NavAppereanceModifier.swift; sourceTree = "<group>"; };
		FBA66A1326E1389A0020CC24 /* MediaRowView.swift */ = {isa = PBXFileReference; lastKnownFileType = sourcecode.swift; path = MediaRowView.swift; sourceTree = "<group>"; };
		FBA66A1626E13BB50020CC24 /* ExpositionDetailView.swift */ = {isa = PBXFileReference; lastKnownFileType = sourcecode.swift; path = ExpositionDetailView.swift; sourceTree = "<group>"; };
		FBA66A1926E140360020CC24 /* VideoPlayerView.swift */ = {isa = PBXFileReference; fileEncoding = 4; lastKnownFileType = sourcecode.swift; path = VideoPlayerView.swift; sourceTree = "<group>"; };
		FBA66A1A26E140360020CC24 /* VideoWebView.swift */ = {isa = PBXFileReference; fileEncoding = 4; lastKnownFileType = sourcecode.swift; path = VideoWebView.swift; sourceTree = "<group>"; };
		FBA66A1B26E140360020CC24 /* WebView.swift */ = {isa = PBXFileReference; fileEncoding = 4; lastKnownFileType = sourcecode.swift; path = WebView.swift; sourceTree = "<group>"; };
		FBA66A5626E682880020CC24 /* AccountView.swift */ = {isa = PBXFileReference; fileEncoding = 4; lastKnownFileType = sourcecode.swift; path = AccountView.swift; sourceTree = "<group>"; };
/* End PBXFileReference section */

/* Begin PBXFrameworksBuildPhase section */
		FB2AB9AA26DD499E007B0AD3 /* Frameworks */ = {
			isa = PBXFrameworksBuildPhase;
			buildActionMask = 2147483647;
			files = (
			);
			runOnlyForDeploymentPostprocessing = 0;
		};
/* End PBXFrameworksBuildPhase section */

/* Begin PBXGroup section */
		5A27CE13270A6C72009E6A8B /* VIewModels */ = {
			isa = PBXGroup;
			children = (
				5ACABBA5271E72AF000E7B12 /* UsersViewModel.swift */,
				C55E528227149DA2006EF31B /* MarColectionModel.swift */,
				5A064B01271E37510000007F /* ExpositionModel.swift */,
				5A064B02271E37510000007F /* LoginViewModel.swift */,
			);
			path = VIewModels;
			sourceTree = "<group>";
		};
		5A27CE20270A6F32009E6A8B /* Services */ = {
			isa = PBXGroup;
			children = (
				5A27CE1D270A6F25009E6A8B /* WebServices.swift */,
			);
			path = Services;
			sourceTree = "<group>";
		};
		5ACABB9F271E6C6E000E7B12 /* Recovered References */ = {
			isa = PBXGroup;
			children = (
			);
			name = "Recovered References";
			sourceTree = "<group>";
		};
		FB2AB9A426DD499E007B0AD3 = {
			isa = PBXGroup;
			children = (
				FB2AB9AF26DD499E007B0AD3 /* App05-Entretenimiento */,
				FB2AB9AE26DD499E007B0AD3 /* Products */,
				5ACABB9F271E6C6E000E7B12 /* Recovered References */,
			);
			sourceTree = "<group>";
		};
		FB2AB9AE26DD499E007B0AD3 /* Products */ = {
			isa = PBXGroup;
			children = (
				FB2AB9AD26DD499E007B0AD3 /* App05-Entretenimiento.app */,
			);
			name = Products;
			sourceTree = "<group>";
		};
		FB2AB9AF26DD499E007B0AD3 /* App05-Entretenimiento */ = {
			isa = PBXGroup;
			children = (
				FBA66A2226E143500020CC24 /* Views */,
				FBA66A2126E143420020CC24 /* Models */,
				5A27CE13270A6C72009E6A8B /* VIewModels */,
				5A27CE20270A6F32009E6A8B /* Services */,
				FB2AB9B026DD499E007B0AD3 /* App05_EntretenimientoApp.swift */,
				ABEA519D2717411A00E84834 /* Model.xcdatamodeld */,
				FBA66A0D26E135B50020CC24 /* NavAppereanceModifier.swift */,
				ABEA51A72717417100E84834 /* Reservacion+CoreDataClass.swift */,
				ABEA51A42717416800E84834 /* Reservacion+CoreDataProperties.swift */,
				FBA66A0126E135480020CC24 /* Enumerators.swift */,
				ABEA51A12717414800E84834 /* Persistence.swift */,
				FBA66A0426E135540020CC24 /* Extensions.swift */,
				FB2AB9B926DD49A0007B0AD3 /* Info.plist */,
				FB2AB9B426DD49A0007B0AD3 /* Assets.xcassets */,
				FB2AB9B626DD49A0007B0AD3 /* Preview Content */,
			);
			path = "App05-Entretenimiento";
			sourceTree = "<group>";
		};
		FB2AB9B626DD49A0007B0AD3 /* Preview Content */ = {
			isa = PBXGroup;
			children = (
				FB2AB9B726DD49A0007B0AD3 /* Preview Assets.xcassets */,
			);
			path = "Preview Content";
			sourceTree = "<group>";
		};
		FBA66A2126E143420020CC24 /* Models */ = {
			isa = PBXGroup;
			children = (
				FBA66A0726E135600020CC24 /* Exposition.swift */,
				C5778686270FA3D80007CEB3 /* MarColection.swift */,
				5A5810B3270A7C57001EDC9E /* UserModel.swift */,
			);
			path = Models;
			sourceTree = "<group>";
		};
		FBA66A2226E143500020CC24 /* Views */ = {
			isa = PBXGroup;
			children = (
				FB2AB9B226DD499E007B0AD3 /* MainView.swift */,
				5A7D012A26E84F0900ECCB72 /* NotificationView.swift */,
				5A9F12F826DF390E0055ED81 /* HomeView.swift */,
				5ACB0FF426E052DB007F4622 /* ExpositionsView.swift */,
				ABFD223427134DE200A07529 /* InfoMarcoView.swift */,
				FBA66A1326E1389A0020CC24 /* MediaRowView.swift */,
				FBA66A1626E13BB50020CC24 /* ExpositionDetailView.swift */,
				ABEA519A2717410100E84834 /* ReservationView.swift */,
				ABEA5197271740E800E84834 /* ReservarVGView.swift */,
				FBA66A1A26E140360020CC24 /* VideoWebView.swift */,
				FBA66A1926E140360020CC24 /* VideoPlayerView.swift */,
				FBA66A1B26E140360020CC24 /* WebView.swift */,
				FB24BEF6270E070A00D4A0F2 /* ExpositionsCarousel.swift */,
				C55E52852714A60E006EF31B /* SheetView.swift */,
				C5CE7568270E8B2F00B53F01 /* ImagesCarousel.swift */,
				FBA66A5626E682880020CC24 /* AccountView.swift */,
				5A27CE14270A6CA6009E6A8B /* LoginView.swift */,
				5A27CE24270A78EE009E6A8B /* SignUpView.swift */,
			);
			path = Views;
			sourceTree = "<group>";
		};
/* End PBXGroup section */

/* Begin PBXNativeTarget section */
		FB2AB9AC26DD499E007B0AD3 /* App05-Entretenimiento */ = {
			isa = PBXNativeTarget;
			buildConfigurationList = FB2AB9BC26DD49A0007B0AD3 /* Build configuration list for PBXNativeTarget "App05-Entretenimiento" */;
			buildPhases = (
				FB2AB9A926DD499E007B0AD3 /* Sources */,
				FB2AB9AA26DD499E007B0AD3 /* Frameworks */,
				FB2AB9AB26DD499E007B0AD3 /* Resources */,
			);
			buildRules = (
			);
			dependencies = (
			);
			name = "App05-Entretenimiento";
			packageProductDependencies = (
			);
			productName = "App05-Entretenimiento";
			productReference = FB2AB9AD26DD499E007B0AD3 /* App05-Entretenimiento.app */;
			productType = "com.apple.product-type.application";
		};
/* End PBXNativeTarget section */

/* Begin PBXProject section */
		FB2AB9A526DD499E007B0AD3 /* Project object */ = {
			isa = PBXProject;
			attributes = {
				LastSwiftUpdateCheck = 1240;
				LastUpgradeCheck = 1240;
				TargetAttributes = {
					FB2AB9AC26DD499E007B0AD3 = {
						CreatedOnToolsVersion = 12.4;
					};
				};
			};
			buildConfigurationList = FB2AB9A826DD499E007B0AD3 /* Build configuration list for PBXProject "App05-Entretenimiento" */;
			compatibilityVersion = "Xcode 9.3";
			developmentRegion = en;
			hasScannedForEncodings = 0;
			knownRegions = (
				en,
				Base,
			);
			mainGroup = FB2AB9A426DD499E007B0AD3;
			packageReferences = (
			);
			productRefGroup = FB2AB9AE26DD499E007B0AD3 /* Products */;
			projectDirPath = "";
			projectRoot = "";
			targets = (
				FB2AB9AC26DD499E007B0AD3 /* App05-Entretenimiento */,
			);
		};
/* End PBXProject section */

/* Begin PBXResourcesBuildPhase section */
		FB2AB9AB26DD499E007B0AD3 /* Resources */ = {
			isa = PBXResourcesBuildPhase;
			buildActionMask = 2147483647;
			files = (
				FB2AB9B826DD49A0007B0AD3 /* Preview Assets.xcassets in Resources */,
				FB2AB9B526DD49A0007B0AD3 /* Assets.xcassets in Resources */,
			);
			runOnlyForDeploymentPostprocessing = 0;
		};
/* End PBXResourcesBuildPhase section */

/* Begin PBXSourcesBuildPhase section */
		FB2AB9A926DD499E007B0AD3 /* Sources */ = {
			isa = PBXSourcesBuildPhase;
			buildActionMask = 2147483647;
			files = (
				FBA66A0926E135600020CC24 /* Exposition.swift in Sources */,
				5A27CE1E270A6F25009E6A8B /* WebServices.swift in Sources */,
				ABEA51A82717417100E84834 /* Reservacion+CoreDataClass.swift in Sources */,
				FB2AB9B326DD499E007B0AD3 /* MainView.swift in Sources */,
				5A27CE25270A78EE009E6A8B /* SignUpView.swift in Sources */,
				FBA66A5726E682880020CC24 /* AccountView.swift in Sources */,
				5A064B05271E37510000007F /* LoginViewModel.swift in Sources */,
				5ACB0FF526E052DB007F4622 /* ExpositionsView.swift in Sources */,
				ABEA519B2717410100E84834 /* ReservationView.swift in Sources */,
				5A064B04271E37510000007F /* ExpositionModel.swift in Sources */,
				5A5810B4270A7C57001EDC9E /* UserModel.swift in Sources */,
				5A9F12F926DF390E0055ED81 /* HomeView.swift in Sources */,
				ABFD223527134DE200A07529 /* InfoMarcoView.swift in Sources */,
				C5778687270FA3D80007CEB3 /* MarColection.swift in Sources */,
				C5CE7569270E8B2F00B53F01 /* ImagesCarousel.swift in Sources */,
				5A27CE15270A6CA6009E6A8B /* LoginView.swift in Sources */,
				FBA66A0E26E135B50020CC24 /* NavAppereanceModifier.swift in Sources */,
				FBA66A1E26E140360020CC24 /* WebView.swift in Sources */,
				FBA66A1726E13BB50020CC24 /* ExpositionDetailView.swift in Sources */,
				ABEA51A22717414800E84834 /* Persistence.swift in Sources */,
				FB2AB9B126DD499E007B0AD3 /* App05_EntretenimientoApp.swift in Sources */,
				FBA66A1426E1389A0020CC24 /* MediaRowView.swift in Sources */,
				FBA66A1D26E140360020CC24 /* VideoWebView.swift in Sources */,
				ABEA519F2717411A00E84834 /* Model.xcdatamodeld in Sources */,
				C55E528327149DA2006EF31B /* MarColectionModel.swift in Sources */,
				FBA66A0526E135540020CC24 /* Extensions.swift in Sources */,
				FBA66A0226E135480020CC24 /* Enumerators.swift in Sources */,
				C55E52862714A60E006EF31B /* SheetView.swift in Sources */,
				5ACABBA6271E72AF000E7B12 /* UsersViewModel.swift in Sources */,
				ABEA51A52717416800E84834 /* Reservacion+CoreDataProperties.swift in Sources */,
				ABEA5198271740E800E84834 /* ReservarVGView.swift in Sources */,
				FBA66A1C26E140360020CC24 /* VideoPlayerView.swift in Sources */,
				5A7D012B26E84F0900ECCB72 /* NotificationView.swift in Sources */,
				FB24BEF7270E070A00D4A0F2 /* ExpositionsCarousel.swift in Sources */,
			);
			runOnlyForDeploymentPostprocessing = 0;
		};
/* End PBXSourcesBuildPhase section */

/* Begin XCBuildConfiguration section */
		FB2AB9BA26DD49A0007B0AD3 /* Debug */ = {
			isa = XCBuildConfiguration;
			buildSettings = {
				ALWAYS_SEARCH_USER_PATHS = NO;
				CLANG_ANALYZER_NONNULL = YES;
				CLANG_ANALYZER_NUMBER_OBJECT_CONVERSION = YES_AGGRESSIVE;
				CLANG_CXX_LANGUAGE_STANDARD = "gnu++14";
				CLANG_CXX_LIBRARY = "libc++";
				CLANG_ENABLE_MODULES = YES;
				CLANG_ENABLE_OBJC_ARC = YES;
				CLANG_ENABLE_OBJC_WEAK = YES;
				CLANG_WARN_BLOCK_CAPTURE_AUTORELEASING = YES;
				CLANG_WARN_BOOL_CONVERSION = YES;
				CLANG_WARN_COMMA = YES;
				CLANG_WARN_CONSTANT_CONVERSION = YES;
				CLANG_WARN_DEPRECATED_OBJC_IMPLEMENTATIONS = YES;
				CLANG_WARN_DIRECT_OBJC_ISA_USAGE = YES_ERROR;
				CLANG_WARN_DOCUMENTATION_COMMENTS = YES;
				CLANG_WARN_EMPTY_BODY = YES;
				CLANG_WARN_ENUM_CONVERSION = YES;
				CLANG_WARN_INFINITE_RECURSION = YES;
				CLANG_WARN_INT_CONVERSION = YES;
				CLANG_WARN_NON_LITERAL_NULL_CONVERSION = YES;
				CLANG_WARN_OBJC_IMPLICIT_RETAIN_SELF = YES;
				CLANG_WARN_OBJC_LITERAL_CONVERSION = YES;
				CLANG_WARN_OBJC_ROOT_CLASS = YES_ERROR;
				CLANG_WARN_QUOTED_INCLUDE_IN_FRAMEWORK_HEADER = YES;
				CLANG_WARN_RANGE_LOOP_ANALYSIS = YES;
				CLANG_WARN_STRICT_PROTOTYPES = YES;
				CLANG_WARN_SUSPICIOUS_MOVE = YES;
				CLANG_WARN_UNGUARDED_AVAILABILITY = YES_AGGRESSIVE;
				CLANG_WARN_UNREACHABLE_CODE = YES;
				CLANG_WARN__DUPLICATE_METHOD_MATCH = YES;
				COPY_PHASE_STRIP = NO;
				DEBUG_INFORMATION_FORMAT = dwarf;
				ENABLE_STRICT_OBJC_MSGSEND = YES;
				ENABLE_TESTABILITY = YES;
				GCC_C_LANGUAGE_STANDARD = gnu11;
				GCC_DYNAMIC_NO_PIC = NO;
				GCC_NO_COMMON_BLOCKS = YES;
				GCC_OPTIMIZATION_LEVEL = 0;
				GCC_PREPROCESSOR_DEFINITIONS = (
					"DEBUG=1",
					"$(inherited)",
				);
				GCC_WARN_64_TO_32_BIT_CONVERSION = YES;
				GCC_WARN_ABOUT_RETURN_TYPE = YES_ERROR;
				GCC_WARN_UNDECLARED_SELECTOR = YES;
				GCC_WARN_UNINITIALIZED_AUTOS = YES_AGGRESSIVE;
				GCC_WARN_UNUSED_FUNCTION = YES;
				GCC_WARN_UNUSED_VARIABLE = YES;
				IPHONEOS_DEPLOYMENT_TARGET = 14.4;
				MTL_ENABLE_DEBUG_INFO = INCLUDE_SOURCE;
				MTL_FAST_MATH = YES;
				ONLY_ACTIVE_ARCH = YES;
				SDKROOT = iphoneos;
				SWIFT_ACTIVE_COMPILATION_CONDITIONS = DEBUG;
				SWIFT_OPTIMIZATION_LEVEL = "-Onone";
			};
			name = Debug;
		};
		FB2AB9BB26DD49A0007B0AD3 /* Release */ = {
			isa = XCBuildConfiguration;
			buildSettings = {
				ALWAYS_SEARCH_USER_PATHS = NO;
				CLANG_ANALYZER_NONNULL = YES;
				CLANG_ANALYZER_NUMBER_OBJECT_CONVERSION = YES_AGGRESSIVE;
				CLANG_CXX_LANGUAGE_STANDARD = "gnu++14";
				CLANG_CXX_LIBRARY = "libc++";
				CLANG_ENABLE_MODULES = YES;
				CLANG_ENABLE_OBJC_ARC = YES;
				CLANG_ENABLE_OBJC_WEAK = YES;
				CLANG_WARN_BLOCK_CAPTURE_AUTORELEASING = YES;
				CLANG_WARN_BOOL_CONVERSION = YES;
				CLANG_WARN_COMMA = YES;
				CLANG_WARN_CONSTANT_CONVERSION = YES;
				CLANG_WARN_DEPRECATED_OBJC_IMPLEMENTATIONS = YES;
				CLANG_WARN_DIRECT_OBJC_ISA_USAGE = YES_ERROR;
				CLANG_WARN_DOCUMENTATION_COMMENTS = YES;
				CLANG_WARN_EMPTY_BODY = YES;
				CLANG_WARN_ENUM_CONVERSION = YES;
				CLANG_WARN_INFINITE_RECURSION = YES;
				CLANG_WARN_INT_CONVERSION = YES;
				CLANG_WARN_NON_LITERAL_NULL_CONVERSION = YES;
				CLANG_WARN_OBJC_IMPLICIT_RETAIN_SELF = YES;
				CLANG_WARN_OBJC_LITERAL_CONVERSION = YES;
				CLANG_WARN_OBJC_ROOT_CLASS = YES_ERROR;
				CLANG_WARN_QUOTED_INCLUDE_IN_FRAMEWORK_HEADER = YES;
				CLANG_WARN_RANGE_LOOP_ANALYSIS = YES;
				CLANG_WARN_STRICT_PROTOTYPES = YES;
				CLANG_WARN_SUSPICIOUS_MOVE = YES;
				CLANG_WARN_UNGUARDED_AVAILABILITY = YES_AGGRESSIVE;
				CLANG_WARN_UNREACHABLE_CODE = YES;
				CLANG_WARN__DUPLICATE_METHOD_MATCH = YES;
				COPY_PHASE_STRIP = NO;
				DEBUG_INFORMATION_FORMAT = "dwarf-with-dsym";
				ENABLE_NS_ASSERTIONS = NO;
				ENABLE_STRICT_OBJC_MSGSEND = YES;
				GCC_C_LANGUAGE_STANDARD = gnu11;
				GCC_NO_COMMON_BLOCKS = YES;
				GCC_WARN_64_TO_32_BIT_CONVERSION = YES;
				GCC_WARN_ABOUT_RETURN_TYPE = YES_ERROR;
				GCC_WARN_UNDECLARED_SELECTOR = YES;
				GCC_WARN_UNINITIALIZED_AUTOS = YES_AGGRESSIVE;
				GCC_WARN_UNUSED_FUNCTION = YES;
				GCC_WARN_UNUSED_VARIABLE = YES;
				IPHONEOS_DEPLOYMENT_TARGET = 14.4;
				MTL_ENABLE_DEBUG_INFO = NO;
				MTL_FAST_MATH = YES;
				SDKROOT = iphoneos;
				SWIFT_COMPILATION_MODE = wholemodule;
				SWIFT_OPTIMIZATION_LEVEL = "-O";
				VALIDATE_PRODUCT = YES;
			};
			name = Release;
		};
		FB2AB9BD26DD49A0007B0AD3 /* Debug */ = {
			isa = XCBuildConfiguration;
			buildSettings = {
				ASSETCATALOG_COMPILER_APPICON_NAME = AppIcon;
				ASSETCATALOG_COMPILER_GLOBAL_ACCENT_COLOR_NAME = AccentColor;
				CODE_SIGN_STYLE = Automatic;
				DEVELOPMENT_ASSET_PATHS = "\"App05-Entretenimiento/Preview Content\"";
				ENABLE_PREVIEWS = YES;
				INFOPLIST_FILE = "App05-Entretenimiento/Info.plist";
				IPHONEOS_DEPLOYMENT_TARGET = 14.0;
				LD_RUNPATH_SEARCH_PATHS = (
					"$(inherited)",
					"@executable_path/Frameworks",
				);
				PRODUCT_BUNDLE_IDENTIFIER = "mx.itesm.App05-Entretenimiento";
				PRODUCT_NAME = "$(TARGET_NAME)";
				SWIFT_VERSION = 5.0;
				TARGETED_DEVICE_FAMILY = "1,2";
			};
			name = Debug;
		};
		FB2AB9BE26DD49A0007B0AD3 /* Release */ = {
			isa = XCBuildConfiguration;
			buildSettings = {
				ASSETCATALOG_COMPILER_APPICON_NAME = AppIcon;
				ASSETCATALOG_COMPILER_GLOBAL_ACCENT_COLOR_NAME = AccentColor;
				CODE_SIGN_STYLE = Automatic;
				DEVELOPMENT_ASSET_PATHS = "\"App05-Entretenimiento/Preview Content\"";
				ENABLE_PREVIEWS = YES;
				INFOPLIST_FILE = "App05-Entretenimiento/Info.plist";
				IPHONEOS_DEPLOYMENT_TARGET = 14.0;
				LD_RUNPATH_SEARCH_PATHS = (
					"$(inherited)",
					"@executable_path/Frameworks",
				);
				PRODUCT_BUNDLE_IDENTIFIER = "mx.itesm.App05-Entretenimiento";
				PRODUCT_NAME = "$(TARGET_NAME)";
				SWIFT_VERSION = 5.0;
				TARGETED_DEVICE_FAMILY = "1,2";
			};
			name = Release;
		};
/* End XCBuildConfiguration section */

/* Begin XCConfigurationList section */
		FB2AB9A826DD499E007B0AD3 /* Build configuration list for PBXProject "App05-Entretenimiento" */ = {
			isa = XCConfigurationList;
			buildConfigurations = (
				FB2AB9BA26DD49A0007B0AD3 /* Debug */,
				FB2AB9BB26DD49A0007B0AD3 /* Release */,
			);
			defaultConfigurationIsVisible = 0;
			defaultConfigurationName = Release;
		};
		FB2AB9BC26DD49A0007B0AD3 /* Build configuration list for PBXNativeTarget "App05-Entretenimiento" */ = {
			isa = XCConfigurationList;
			buildConfigurations = (
				FB2AB9BD26DD49A0007B0AD3 /* Debug */,
				FB2AB9BE26DD49A0007B0AD3 /* Release */,
			);
			defaultConfigurationIsVisible = 0;
			defaultConfigurationName = Release;
		};
/* End XCConfigurationList section */

/* Begin XCVersionGroup section */
		ABEA519D2717411A00E84834 /* Model.xcdatamodeld */ = {
			isa = XCVersionGroup;
			children = (
				ABEA519E2717411A00E84834 /* Model.xcdatamodel */,
			);
			currentVersion = ABEA519E2717411A00E84834 /* Model.xcdatamodel */;
			path = Model.xcdatamodeld;
			sourceTree = "<group>";
			versionGroupType = wrapper.xcdatamodel;
		};
/* End XCVersionGroup section */
	};
	rootObject = FB2AB9A526DD499E007B0AD3 /* Project object */;
}
